// !$*UTF8*$!
{
	archiveVersion = 1;
	classes = {
	};
	objectVersion = 46;
	objects = {

/* Begin PBXBuildFile section */
		6099E6AA1B6406DD00E09C05 /* NinevehGLTests.m in Sources */ = {isa = PBXBuildFile; fileRef = 6099E6A91B6406DD00E09C05 /* NinevehGLTests.m */; };
		FB86EFE30D06F2C451E51999 /* libPods-ios.a in Frameworks */ = {isa = PBXBuildFile; fileRef = 6F9E8C5545B82C66A7E4400C /* libPods-ios.a */; };
/* End PBXBuildFile section */

/* Begin PBXFileReference section */
		2F4A9AC3C61AD88631AEB536 /* Pods-ios.debug.xcconfig */ = {isa = PBXFileReference; includeInIndex = 1; lastKnownFileType = text.xcconfig; name = "Pods-ios.debug.xcconfig"; path = "Pods/Target Support Files/Pods-ios/Pods-ios.debug.xcconfig"; sourceTree = "<group>"; };
		44EA8E4296382F9FE3FDD7B8 /* Pods-ios.release.xcconfig */ = {isa = PBXFileReference; includeInIndex = 1; lastKnownFileType = text.xcconfig; name = "Pods-ios.release.xcconfig"; path = "Pods/Target Support Files/Pods-ios/Pods-ios.release.xcconfig"; sourceTree = "<group>"; };
		6099E6A41B6406DD00E09C05 /* Unit iOS.xctest */ = {isa = PBXFileReference; explicitFileType = wrapper.cfbundle; includeInIndex = 0; path = "Unit iOS.xctest"; sourceTree = BUILT_PRODUCTS_DIR; };
		6099E6A81B6406DD00E09C05 /* Info.plist */ = {isa = PBXFileReference; lastKnownFileType = text.plist.xml; path = Info.plist; sourceTree = "<group>"; };
		6099E6A91B6406DD00E09C05 /* NinevehGLTests.m */ = {isa = PBXFileReference; lastKnownFileType = sourcecode.c.objc; path = NinevehGLTests.m; sourceTree = "<group>"; };
		6F9E8C5545B82C66A7E4400C /* libPods-ios.a */ = {isa = PBXFileReference; explicitFileType = archive.ar; includeInIndex = 0; path = "libPods-ios.a"; sourceTree = BUILT_PRODUCTS_DIR; };
/* End PBXFileReference section */

/* Begin PBXFrameworksBuildPhase section */
		6099E6A11B6406DD00E09C05 /* Frameworks */ = {
			isa = PBXFrameworksBuildPhase;
			buildActionMask = 2147483647;
			files = (
				FB86EFE30D06F2C451E51999 /* libPods-ios.a in Frameworks */,
			);
			runOnlyForDeploymentPostprocessing = 0;
		};
/* End PBXFrameworksBuildPhase section */

/* Begin PBXGroup section */
		08EC32D79D44101A081FCEBE /* Frameworks */ = {
			isa = PBXGroup;
			children = (
				6F9E8C5545B82C66A7E4400C /* libPods-ios.a */,
			);
			name = Frameworks;
			sourceTree = "<group>";
		};
		475CF0F3FC2892BE20193081 /* Pods */ = {
			isa = PBXGroup;
			children = (
				2F4A9AC3C61AD88631AEB536 /* Pods-ios.debug.xcconfig */,
				44EA8E4296382F9FE3FDD7B8 /* Pods-ios.release.xcconfig */,
			);
			name = Pods;
			sourceTree = "<group>";
		};
		6099E6991B64065600E09C05 = {
			isa = PBXGroup;
			children = (
				6099E6A61B6406DD00E09C05 /* Unit iOS */,
				6099E6A51B6406DD00E09C05 /* Products */,
				475CF0F3FC2892BE20193081 /* Pods */,
				08EC32D79D44101A081FCEBE /* Frameworks */,
			);
			sourceTree = "<group>";
		};
		6099E6A51B6406DD00E09C05 /* Products */ = {
			isa = PBXGroup;
			children = (
				6099E6A41B6406DD00E09C05 /* Unit iOS.xctest */,
			);
			name = Products;
			sourceTree = "<group>";
		};
		6099E6A61B6406DD00E09C05 /* Unit iOS */ = {
			isa = PBXGroup;
			children = (
				6099E6A91B6406DD00E09C05 /* NinevehGLTests.m */,
				6099E6A71B6406DD00E09C05 /* Supporting Files */,
			);
			path = "Unit iOS";
			sourceTree = "<group>";
		};
		6099E6A71B6406DD00E09C05 /* Supporting Files */ = {
			isa = PBXGroup;
			children = (
				6099E6A81B6406DD00E09C05 /* Info.plist */,
			);
			name = "Supporting Files";
			sourceTree = "<group>";
		};
/* End PBXGroup section */

/* Begin PBXNativeTarget section */
		6099E6A31B6406DD00E09C05 /* Unit iOS */ = {
			isa = PBXNativeTarget;
			buildConfigurationList = 6099E6AD1B6406DD00E09C05 /* Build configuration list for PBXNativeTarget "Unit iOS" */;
			buildPhases = (
				E7A47D62BC87FF4089D1F20F /* Check Pods Manifest.lock */,
				6099E6A01B6406DD00E09C05 /* Sources */,
				6099E6A11B6406DD00E09C05 /* Frameworks */,
				6099E6A21B6406DD00E09C05 /* Resources */,
				9EEEDB8A6B6A94D317A9ACCE /* Copy Pods Resources */,
			);
			buildRules = (
			);
			dependencies = (
			);
			name = "Unit iOS";
			productName = "Unit iOS";
			productReference = 6099E6A41B6406DD00E09C05 /* Unit iOS.xctest */;
			productType = "com.apple.product-type.bundle.unit-test";
		};
/* End PBXNativeTarget section */

/* Begin PBXProject section */
		6099E69A1B64065600E09C05 /* Project object */ = {
			isa = PBXProject;
			attributes = {
				LastUpgradeCheck = 0640;
				TargetAttributes = {
					6099E6A31B6406DD00E09C05 = {
						CreatedOnToolsVersion = 6.4;
					};
				};
			};
			buildConfigurationList = 6099E69D1B64065600E09C05 /* Build configuration list for PBXProject "NinevehGL Tests" */;
			compatibilityVersion = "Xcode 3.2";
			developmentRegion = English;
			hasScannedForEncodings = 0;
			knownRegions = (
				en,
			);
			mainGroup = 6099E6991B64065600E09C05;
			productRefGroup = 6099E6A51B6406DD00E09C05 /* Products */;
			projectDirPath = "";
			projectRoot = "";
			targets = (
				6099E6A31B6406DD00E09C05 /* Unit iOS */,
			);
		};
/* End PBXProject section */

/* Begin PBXResourcesBuildPhase section */
		6099E6A21B6406DD00E09C05 /* Resources */ = {
			isa = PBXResourcesBuildPhase;
			buildActionMask = 2147483647;
			files = (
			);
			runOnlyForDeploymentPostprocessing = 0;
		};
/* End PBXResourcesBuildPhase section */

/* Begin PBXShellScriptBuildPhase section */
		9EEEDB8A6B6A94D317A9ACCE /* Copy Pods Resources */ = {
			isa = PBXShellScriptBuildPhase;
			buildActionMask = 2147483647;
			files = (
			);
			inputPaths = (
			);
			name = "Copy Pods Resources";
			outputPaths = (
			);
			runOnlyForDeploymentPostprocessing = 0;
			shellPath = /bin/sh;
			shellScript = "\"${SRCROOT}/Pods/Target Support Files/Pods-ios/Pods-ios-resources.sh\"\n";
			showEnvVarsInLog = 0;
		};
		E7A47D62BC87FF4089D1F20F /* Check Pods Manifest.lock */ = {
			isa = PBXShellScriptBuildPhase;
			buildActionMask = 2147483647;
			files = (
			);
			inputPaths = (
			);
			name = "Check Pods Manifest.lock";
			outputPaths = (
			);
			runOnlyForDeploymentPostprocessing = 0;
			shellPath = /bin/sh;
			shellScript = "diff \"${PODS_ROOT}/../Podfile.lock\" \"${PODS_ROOT}/Manifest.lock\" > /dev/null\nif [[ $? != 0 ]] ; then\n    cat << EOM\nerror: The sandbox is not in sync with the Podfile.lock. Run 'pod install' or update your CocoaPods installation.\nEOM\n    exit 1\nfi\n";
			showEnvVarsInLog = 0;
		};
/* End PBXShellScriptBuildPhase section */

/* Begin PBXSourcesBuildPhase section */
		6099E6A01B6406DD00E09C05 /* Sources */ = {
			isa = PBXSourcesBuildPhase;
			buildActionMask = 2147483647;
			files = (
				6099E6AA1B6406DD00E09C05 /* NinevehGLTests.m in Sources */,
			);
			runOnlyForDeploymentPostprocessing = 0;
		};
/* End PBXSourcesBuildPhase section */

/* Begin XCBuildConfiguration section */
		6099E69E1B64065600E09C05 /* Debug */ = {
			isa = XCBuildConfiguration;
			buildSettings = {
				ONLY_ACTIVE_ARCH = YES;
			};
			name = Debug;
		};
		6099E69F1B64065600E09C05 /* Release */ = {
			isa = XCBuildConfiguration;
			buildSettings = {
			};
			name = Release;
		};
		6099E6AB1B6406DD00E09C05 /* Debug */ = {
			isa = XCBuildConfiguration;
			baseConfigurationReference = 2F4A9AC3C61AD88631AEB536 /* Pods-ios.debug.xcconfig */;
			buildSettings = {
				ALWAYS_SEARCH_USER_PATHS = NO;
				CLANG_CXX_LANGUAGE_STANDARD = "gnu++0x";
				CLANG_CXX_LIBRARY = "libc++";
				CLANG_ENABLE_MODULES = YES;
				CLANG_ENABLE_OBJC_ARC = YES;
				CLANG_WARN_BOOL_CONVERSION = YES;
				CLANG_WARN_CONSTANT_CONVERSION = YES;
				CLANG_WARN_DIRECT_OBJC_ISA_USAGE = YES_ERROR;
				CLANG_WARN_EMPTY_BODY = YES;
				CLANG_WARN_ENUM_CONVERSION = YES;
				CLANG_WARN_INT_CONVERSION = YES;
				CLANG_WARN_OBJC_ROOT_CLASS = YES_ERROR;
				CLANG_WARN_UNREACHABLE_CODE = YES;
				CLANG_WARN__DUPLICATE_METHOD_MATCH = YES;
				COPY_PHASE_STRIP = NO;
				DEBUG_INFORMATION_FORMAT = "dwarf-with-dsym";
				ENABLE_STRICT_OBJC_MSGSEND = YES;
				FRAMEWORK_SEARCH_PATHS = (
					"$(SDKROOT)/Developer/Library/Frameworks",
					"$(inherited)",
				);
				GCC_C_LANGUAGE_STANDARD = gnu99;
				GCC_DYNAMIC_NO_PIC = NO;
				GCC_NO_COMMON_BLOCKS = YES;
				GCC_OPTIMIZATION_LEVEL = 0;
				GCC_PREPROCESSOR_DEFINITIONS = (
					"DEBUG=1",
					"$(inherited)",
				);
				GCC_SYMBOLS_PRIVATE_EXTERN = NO;
				GCC_WARN_64_TO_32_BIT_CONVERSION = YES;
				GCC_WARN_ABOUT_RETURN_TYPE = YES_ERROR;
				GCC_WARN_UNDECLARED_SELECTOR = YES;
				GCC_WARN_UNINITIALIZED_AUTOS = YES_AGGRESSIVE;
				GCC_WARN_UNUSED_FUNCTION = YES;
				GCC_WARN_UNUSED_VARIABLE = YES;
				INFOPLIST_FILE = "Unit iOS/Info.plist";
				IPHONEOS_DEPLOYMENT_TARGET = 8.4;
				LD_RUNPATH_SEARCH_PATHS = "$(inherited) @executable_path/Frameworks @loader_path/Frameworks";
				MTL_ENABLE_DEBUG_INFO = YES;
				ONLY_ACTIVE_ARCH = YES;
				PRODUCT_NAME = "$(TARGET_NAME)";
				SDKROOT = iphoneos;
			};
			name = Debug;
		};
		6099E6AC1B6406DD00E09C05 /* Release */ = {
			isa = XCBuildConfiguration;
			baseConfigurationReference = 44EA8E4296382F9FE3FDD7B8 /* Pods-ios.release.xcconfig */;
			buildSettings = {
				ALWAYS_SEARCH_USER_PATHS = NO;
				CLANG_CXX_LANGUAGE_STANDARD = "gnu++0x";
				CLANG_CXX_LIBRARY = "libc++";
				CLANG_ENABLE_MODULES = YES;
				CLANG_ENABLE_OBJC_ARC = YES;
				CLANG_WARN_BOOL_CONVERSION = YES;
				CLANG_WARN_CONSTANT_CONVERSION = YES;
				CLANG_WARN_DIRECT_OBJC_ISA_USAGE = YES_ERROR;
				CLANG_WARN_EMPTY_BODY = YES;
				CLANG_WARN_ENUM_CONVERSION = YES;
				CLANG_WARN_INT_CONVERSION = YES;
				CLANG_WARN_OBJC_ROOT_CLASS = YES_ERROR;
				CLANG_WARN_UNREACHABLE_CODE = YES;
				CLANG_WARN__DUPLICATE_METHOD_MATCH = YES;
				COPY_PHASE_STRIP = NO;
				DEBUG_INFORMATION_FORMAT = "dwarf-with-dsym";
				ENABLE_NS_ASSERTIONS = NO;
				ENABLE_STRICT_OBJC_MSGSEND = YES;
				FRAMEWORK_SEARCH_PATHS = (
					"$(SDKROOT)/Developer/Library/Frameworks",
					"$(inherited)",
				);
				GCC_C_LANGUAGE_STANDARD = gnu99;
				GCC_NO_COMMON_BLOCKS = YES;
				GCC_WARN_64_TO_32_BIT_CONVERSION = YES;
				GCC_WARN_ABOUT_RETURN_TYPE = YES_ERROR;
				GCC_WARN_UNDECLARED_SELECTOR = YES;
				GCC_WARN_UNINITIALIZED_AUTOS = YES_AGGRESSIVE;
				GCC_WARN_UNUSED_FUNCTION = YES;
				GCC_WARN_UNUSED_VARIABLE = YES;
				INFOPLIST_FILE = "Unit iOS/Info.plist";
				IPHONEOS_DEPLOYMENT_TARGET = 8.4;
				LD_RUNPATH_SEARCH_PATHS = "$(inherited) @executable_path/Frameworks @loader_path/Frameworks";
				MTL_ENABLE_DEBUG_INFO = NO;
				PRODUCT_NAME = "$(TARGET_NAME)";
				SDKROOT = iphoneos;
				VALIDATE_PRODUCT = YES;
			};
			name = Release;
		};
/* End XCBuildConfiguration section */

/* Begin XCConfigurationList section */
		6099E69D1B64065600E09C05 /* Build configuration list for PBXProject "NinevehGL Tests" */ = {
			isa = XCConfigurationList;
			buildConfigurations = (
				6099E69E1B64065600E09C05 /* Debug */,
				6099E69F1B64065600E09C05 /* Release */,
			);
			defaultConfigurationIsVisible = 0;
			defaultConfigurationName = Release;
		};
		6099E6AD1B6406DD00E09C05 /* Build configuration list for PBXNativeTarget "Unit iOS" */ = {
			isa = XCConfigurationList;
			buildConfigurations = (
				6099E6AB1B6406DD00E09C05 /* Debug */,
				6099E6AC1B6406DD00E09C05 /* Release */,
			);
			defaultConfigurationIsVisible = 0;
			defaultConfigurationName = Release;
		};
/* End XCConfigurationList section */
	};
	rootObject = 6099E69A1B64065600E09C05 /* Project object */;
}
